
Microsoft Visual Studio Solution File, Format Version 12.00
# Visual Studio Version 16
VisualStudioVersion = 16.0.29709.97
MinimumVisualStudioVersion = 10.0.40219.1
Project("{FAE04EC0-301F-11D3-BF4B-00C04F79EFBC}") = "CachingDataSetinCSharp", "CachingDataSetinCSharp\CachingDataSetinCSharp.csproj", "{3C9F77FD-D76D-4B0F-9C95-D8FA98A1F0A7}"
EndProject
Global
	GlobalSection(SolutionConfigurationPlatforms) = preSolution
		Debug|Any CPU = Debug|Any CPU
		Release|Any CPU = Release|Any CPU
	EndGlobalSection
	GlobalSection(ProjectConfigurationPlatforms) = postSolution
		{3C9F77FD-D76D-4B0F-9C95-D8FA98A1F0A7}.Debug|Any CPU.ActiveCfg = Debug|Any CPU
		{3C9F77FD-D76D-4B0F-9C95-D8FA98A1F0A7}.Debug|Any CPU.Build.0 = Debug|Any CPU
		{3C9F77FD-D76D-4B0F-9C95-D8FA98A1F0A7}.Release|Any CPU.ActiveCfg = Release|Any CPU
		{3C9F77FD-D76D-4B0F-9C95-D8FA98A1F0A7}.Release|Any CPU.Build.0 = Release|Any CPU
	EndGlobalSection
	GlobalSection(SolutionProperties) = preSolution
		HideSolutionNode = FALSE
	EndGlobalSection
	GlobalSection(ExtensibilityGlobals) = postSolution
		SolutionGuid = {74F19901-D4BD-4120-BF99-2057277841AB}
	EndGlobalSection
EndGlobal
