
Microsoft Visual Studio Solution File, Format Version 12.00
# Visual Studio Version 16
VisualStudioVersion = 16.0.29709.97
MinimumVisualStudioVersion = 10.0.40219.1
Project("{FAE04EC0-301F-11D3-BF4B-00C04F79EFBC}") = "IntroductiontoADO.NETinCSharp", "IntroductiontoADO.NETinCSharp\IntroductiontoADO.NETinCSharp.csproj", "{AF3FFC7F-3287-479E-8D0B-A6372DEE5BDB}"
EndProject
Global
	GlobalSection(SolutionConfigurationPlatforms) = preSolution
		Debug|Any CPU = Debug|Any CPU
		Release|Any CPU = Release|Any CPU
	EndGlobalSection
	GlobalSection(ProjectConfigurationPlatforms) = postSolution
		{AF3FFC7F-3287-479E-8D0B-A6372DEE5BDB}.Debug|Any CPU.ActiveCfg = Debug|Any CPU
		{AF3FFC7F-3287-479E-8D0B-A6372DEE5BDB}.Debug|Any CPU.Build.0 = Debug|Any CPU
		{AF3FFC7F-3287-479E-8D0B-A6372DEE5BDB}.Release|Any CPU.ActiveCfg = Release|Any CPU
		{AF3FFC7F-3287-479E-8D0B-A6372DEE5BDB}.Release|Any CPU.Build.0 = Release|Any CPU
	EndGlobalSection
	GlobalSection(SolutionProperties) = preSolution
		HideSolutionNode = FALSE
	EndGlobalSection
	GlobalSection(ExtensibilityGlobals) = postSolution
		SolutionGuid = {01A431BC-D899-4756-8241-0802F291239B}
	EndGlobalSection
EndGlobal
